
Microsoft Visual Studio Solution File, Format Version 12.00
# Visual Studio Version 17
VisualStudioVersion = 17.11.35222.181
MinimumVisualStudioVersion = 10.0.40219.1
Project("{9A19103F-16F7-4668-BE54-9A1E7A4F7556}") = "LearnMyCalculatorApp.Test.Moq", "LearnMyCalculatorApp.Test.Moq.csproj", "{22E554A9-E714-48EA-AF1A-2706BD323811}"
EndProject
Global
	GlobalSection(SolutionConfigurationPlatforms) = preSolution
		Debug|Any CPU = Debug|Any CPU
		Release|Any CPU = Release|Any CPU
	EndGlobalSection
	GlobalSection(ProjectConfigurationPlatforms) = postSolution
		{22E554A9-E714-48EA-AF1A-2706BD323811}.Debug|Any CPU.ActiveCfg = Debug|Any CPU
		{22E554A9-E714-48EA-AF1A-2706BD323811}.Debug|Any CPU.Build.0 = Debug|Any CPU
		{22E554A9-E714-48EA-AF1A-2706BD323811}.Release|Any CPU.ActiveCfg = Release|Any CPU
		{22E554A9-E714-48EA-AF1A-2706BD323811}.Release|Any CPU.Build.0 = Release|Any CPU
	EndGlobalSection
	GlobalSection(SolutionProperties) = preSolution
		HideSolutionNode = FALSE
	EndGlobalSection
	GlobalSection(ExtensibilityGlobals) = postSolution
		SolutionGuid = {91E8B5D8-B657-485C-A5DF-3DD6C70CA089}
	EndGlobalSection
EndGlobal
